// !$*UTF8*$!
{
	archiveVersion = 1;
	classes = {
	};
	objectVersion = 46;
	objects = {

/* Begin PBXBuildFile section */
		FE13BC611E2628A900F9C90B /* AppDelegate.swift in Sources */ = {isa = PBXBuildFile; fileRef = FE13BC601E2628A900F9C90B /* AppDelegate.swift */; };
		FE13BC631E2628A900F9C90B /* ViewController.swift in Sources */ = {isa = PBXBuildFile; fileRef = FE13BC621E2628A900F9C90B /* ViewController.swift */; };
		FE13BC651E2628A900F9C90B /* Assets.xcassets in Resources */ = {isa = PBXBuildFile; fileRef = FE13BC641E2628A900F9C90B /* Assets.xcassets */; };
		FE13BC681E2628A900F9C90B /* Main.storyboard in Resources */ = {isa = PBXBuildFile; fileRef = FE13BC661E2628A900F9C90B /* Main.storyboard */; };
/* End PBXBuildFile section */

/* Begin PBXFileReference section */
		FE13BC5D1E2628A900F9C90B /* WHC_ScanUnusedClass.app */ = {isa = PBXFileReference; explicitFileType = wrapper.application; includeInIndex = 0; path = WHC_ScanUnusedClass.app; sourceTree = BUILT_PRODUCTS_DIR; };
		FE13BC601E2628A900F9C90B /* AppDelegate.swift */ = {isa = PBXFileReference; lastKnownFileType = sourcecode.swift; path = AppDelegate.swift; sourceTree = "<group>"; };
		FE13BC621E2628A900F9C90B /* ViewController.swift */ = {isa = PBXFileReference; lastKnownFileType = sourcecode.swift; path = ViewController.swift; sourceTree = "<group>"; };
		FE13BC641E2628A900F9C90B /* Assets.xcassets */ = {isa = PBXFileReference; lastKnownFileType = folder.assetcatalog; path = Assets.xcassets; sourceTree = "<group>"; };
		FE13BC671E2628A900F9C90B /* Base */ = {isa = PBXFileReference; lastKnownFileType = file.storyboard; name = Base; path = Base.lproj/Main.storyboard; sourceTree = "<group>"; };
		FE13BC691E2628A900F9C90B /* Info.plist */ = {isa = PBXFileReference; lastKnownFileType = text.plist.xml; path = Info.plist; sourceTree = "<group>"; };
/* End PBXFileReference section */

/* Begin PBXFrameworksBuildPhase section */
		FE13BC5A1E2628A900F9C90B /* Frameworks */ = {
			isa = PBXFrameworksBuildPhase;
			buildActionMask = 2147483647;
			files = (
			);
			runOnlyForDeploymentPostprocessing = 0;
		};
/* End PBXFrameworksBuildPhase section */

/* Begin PBXGroup section */
		FE13BC541E2628A900F9C90B = {
			isa = PBXGroup;
			children = (
				FE13BC5F1E2628A900F9C90B /* WHC_ScanUnusedClass */,
				FE13BC5E1E2628A900F9C90B /* Products */,
			);
			sourceTree = "<group>";
		};
		FE13BC5E1E2628A900F9C90B /* Products */ = {
			isa = PBXGroup;
			children = (
				FE13BC5D1E2628A900F9C90B /* WHC_ScanUnusedClass.app */,
			);
			name = Products;
			sourceTree = "<group>";
		};
		FE13BC5F1E2628A900F9C90B /* WHC_ScanUnusedClass */ = {
			isa = PBXGroup;
			children = (
				FE13BC601E2628A900F9C90B /* AppDelegate.swift */,
				FE13BC621E2628A900F9C90B /* ViewController.swift */,
				FE13BC641E2628A900F9C90B /* Assets.xcassets */,
				FE13BC661E2628A900F9C90B /* Main.storyboard */,
				FE13BC691E2628A900F9C90B /* Info.plist */,
			);
			path = WHC_ScanUnusedClass;
			sourceTree = "<group>";
		};
/* End PBXGroup section */

/* Begin PBXNativeTarget section */
		FE13BC5C1E2628A900F9C90B /* WHC_ScanUnusedClass */ = {
			isa = PBXNativeTarget;
			buildConfigurationList = FE13BC6C1E2628A900F9C90B /* Build configuration list for PBXNativeTarget "WHC_ScanUnusedClass" */;
			buildPhases = (
				FE13BC591E2628A900F9C90B /* Sources */,
				FE13BC5A1E2628A900F9C90B /* Frameworks */,
				FE13BC5B1E2628A900F9C90B /* Resources */,
			);
			buildRules = (
			);
			dependencies = (
			);
			name = WHC_ScanUnusedClass;
			productName = WHC_ScanUnusedClass;
			productReference = FE13BC5D1E2628A900F9C90B /* WHC_ScanUnusedClass.app */;
			productType = "com.apple.product-type.application";
		};
/* End PBXNativeTarget section */

/* Begin PBXProject section */
		FE13BC551E2628A900F9C90B /* Project object */ = {
			isa = PBXProject;
			attributes = {
				LastSwiftUpdateCheck = 0810;
				LastUpgradeCheck = 0810;
				ORGANIZATIONNAME = WHC;
				TargetAttributes = {
					FE13BC5C1E2628A900F9C90B = {
						CreatedOnToolsVersion = 8.1;
						DevelopmentTeam = 7F5YZXGNJ3;
						ProvisioningStyle = Automatic;
					};
				};
			};
			buildConfigurationList = FE13BC581E2628A900F9C90B /* Build configuration list for PBXProject "WHC_ScanUnusedClass" */;
			compatibilityVersion = "Xcode 3.2";
			developmentRegion = English;
			hasScannedForEncodings = 0;
			knownRegions = (
				English,
				en,
				Base,
			);
			mainGroup = FE13BC541E2628A900F9C90B;
			productRefGroup = FE13BC5E1E2628A900F9C90B /* Products */;
			projectDirPath = "";
			projectRoot = "";
			targets = (
				FE13BC5C1E2628A900F9C90B /* WHC_ScanUnusedClass */,
			);
		};
/* End PBXProject section */

/* Begin PBXResourcesBuildPhase section */
		FE13BC5B1E2628A900F9C90B /* Resources */ = {
			isa = PBXResourcesBuildPhase;
			buildActionMask = 2147483647;
			files = (
				FE13BC651E2628A900F9C90B /* Assets.xcassets in Resources */,
				FE13BC681E2628A900F9C90B /* Main.storyboard in Resources */,
			);
			runOnlyForDeploymentPostprocessing = 0;
		};
/* End PBXResourcesBuildPhase section */

/* Begin PBXSourcesBuildPhase section */
		FE13BC591E2628A900F9C90B /* Sources */ = {
			isa = PBXSourcesBuildPhase;
			buildActionMask = 2147483647;
			files = (
				FE13BC631E2628A900F9C90B /* ViewController.swift in Sources */,
				FE13BC611E2628A900F9C90B /* AppDelegate.swift in Sources */,
			);
			runOnlyForDeploymentPostprocessing = 0;
		};
/* End PBXSourcesBuildPhase section */

/* Begin PBXVariantGroup section */
		FE13BC661E2628A900F9C90B /* Main.storyboard */ = {
			isa = PBXVariantGroup;
			children = (
				FE13BC671E2628A900F9C90B /* Base */,
			);
			name = Main.storyboard;
			sourceTree = "<group>";
		};
/* End PBXVariantGroup section */

/* Begin XCBuildConfiguration section */
		FE13BC6A1E2628A900F9C90B /* Debug */ = {
			isa = XCBuildConfiguration;
			buildSettings = {
				ALWAYS_SEARCH_USER_PATHS = NO;
				CLANG_ANALYZER_NONNULL = YES;
				CLANG_CXX_LANGUAGE_STANDARD = "gnu++0x";
				CLANG_CXX_LIBRARY = "libc++";
				CLANG_ENABLE_MODULES = YES;
				CLANG_ENABLE_OBJC_ARC = YES;
				CLANG_WARN_BOOL_CONVERSION = YES;
				CLANG_WARN_CONSTANT_CONVERSION = YES;
				CLANG_WARN_DIRECT_OBJC_ISA_USAGE = YES_ERROR;
				CLANG_WARN_DOCUMENTATION_COMMENTS = YES;
				CLANG_WARN_EMPTY_BODY = YES;
				CLANG_WARN_ENUM_CONVERSION = YES;
				CLANG_WARN_INFINITE_RECURSION = YES;
				CLANG_WARN_INT_CONVERSION = YES;
				CLANG_WARN_OBJC_ROOT_CLASS = YES_ERROR;
				CLANG_WARN_SUSPICIOUS_MOVES = YES;
				CLANG_WARN_UNREACHABLE_CODE = YES;
				CLANG_WARN__DUPLICATE_METHOD_MATCH = YES;
				CODE_SIGN_IDENTITY = "-";
				COPY_PHASE_STRIP = NO;
				DEBUG_INFORMATION_FORMAT = dwarf;
				ENABLE_STRICT_OBJC_MSGSEND = YES;
				ENABLE_TESTABILITY = YES;
				GCC_C_LANGUAGE_STANDARD = gnu99;
				GCC_DYNAMIC_NO_PIC = NO;
				GCC_NO_COMMON_BLOCKS = YES;
				GCC_OPTIMIZATION_LEVEL = 0;
				GCC_PREPROCESSOR_DEFINITIONS = (
					"DEBUG=1",
					"$(inherited)",
				);
				GCC_WARN_64_TO_32_BIT_CONVERSION = YES;
				GCC_WARN_ABOUT_RETURN_TYPE = YES_ERROR;
				GCC_WARN_UNDECLARED_SELECTOR = YES;
				GCC_WARN_UNINITIALIZED_AUTOS = YES_AGGRESSIVE;
				GCC_WARN_UNUSED_FUNCTION = YES;
				GCC_WARN_UNUSED_VARIABLE = YES;
				MACOSX_DEPLOYMENT_TARGET = 10.11;
				MTL_ENABLE_DEBUG_INFO = YES;
				ONLY_ACTIVE_ARCH = YES;
				SDKROOT = macosx;
				SWIFT_ACTIVE_COMPILATION_CONDITIONS = DEBUG;
				SWIFT_OPTIMIZATION_LEVEL = "-Onone";
			};
			name = Debug;
		};
		FE13BC6B1E2628A900F9C90B /* Release */ = {
			isa = XCBuildConfiguration;
			buildSettings = {
				ALWAYS_SEARCH_USER_PATHS = NO;
				CLANG_ANALYZER_NONNULL = YES;
				CLANG_CXX_LANGUAGE_STANDARD = "gnu++0x";
				CLANG_CXX_LIBRARY = "libc++";
				CLANG_ENABLE_MODULES = YES;
				CLANG_ENABLE_OBJC_ARC = YES;
				CLANG_WARN_BOOL_CONVERSION = YES;
				CLANG_WARN_CONSTANT_CONVERSION = YES;
				CLANG_WARN_DIRECT_OBJC_ISA_USAGE = YES_ERROR;
				CLANG_WARN_DOCUMENTATION_COMMENTS = YES;
				CLANG_WARN_EMPTY_BODY = YES;
				CLANG_WARN_ENUM_CONVERSION = YES;
				CLANG_WARN_INFINITE_RECURSION = YES;
				CLANG_WARN_INT_CONVERSION = YES;
				CLANG_WARN_OBJC_ROOT_CLASS = YES_ERROR;
				CLANG_WARN_SUSPICIOUS_MOVES = YES;
				CLANG_WARN_UNREACHABLE_CODE = YES;
				CLANG_WARN__DUPLICATE_METHOD_MATCH = YES;
				CODE_SIGN_IDENTITY = "-";
				COPY_PHASE_STRIP = NO;
				DEBUG_INFORMATION_FORMAT = "dwarf-with-dsym";
				ENABLE_NS_ASSERTIONS = NO;
				ENABLE_STRICT_OBJC_MSGSEND = YES;
				GCC_C_LANGUAGE_STANDARD = gnu99;
				GCC_NO_COMMON_BLOCKS = YES;
				GCC_WARN_64_TO_32_BIT_CONVERSION = YES;
				GCC_WARN_ABOUT_RETURN_TYPE = YES_ERROR;
				GCC_WARN_UNDECLARED_SELECTOR = YES;
				GCC_WARN_UNINITIALIZED_AUTOS = YES_AGGRESSIVE;
				GCC_WARN_UNUSED_FUNCTION = YES;
				GCC_WARN_UNUSED_VARIABLE = YES;
				MACOSX_DEPLOYMENT_TARGET = 10.11;
				MTL_ENABLE_DEBUG_INFO = NO;
				SDKROOT = macosx;
				SWIFT_OPTIMIZATION_LEVEL = "-Owholemodule";
			};
			name = Release;
		};
		FE13BC6D1E2628A900F9C90B /* Debug */ = {
			isa = XCBuildConfiguration;
			buildSettings = {
				ASSETCATALOG_COMPILER_APPICON_NAME = AppIcon;
				COMBINE_HIDPI_IMAGES = YES;
				DEVELOPMENT_TEAM = 7F5YZXGNJ3;
				INFOPLIST_FILE = WHC_ScanUnusedClass/Info.plist;
				LD_RUNPATH_SEARCH_PATHS = "$(inherited) @executable_path/../Frameworks";
				MACOSX_DEPLOYMENT_TARGET = 10.10;
				PRODUCT_BUNDLE_IDENTIFIER = "WHC.WHC-ScanUnusedClass";
				PRODUCT_NAME = "$(TARGET_NAME)";
				SWIFT_VERSION = 5.0;
			};
			name = Debug;
		};
		FE13BC6E1E2628A900F9C90B /* Release */ = {
			isa = XCBuildConfiguration;
			buildSettings = {
				ASSETCATALOG_COMPILER_APPICON_NAME = AppIcon;
				COMBINE_HIDPI_IMAGES = YES;
				DEVELOPMENT_TEAM = 7F5YZXGNJ3;
				INFOPLIST_FILE = WHC_ScanUnusedClass/Info.plist;
				LD_RUNPATH_SEARCH_PATHS = "$(inherited) @executable_path/../Frameworks";
				MACOSX_DEPLOYMENT_TARGET = 10.10;
				PRODUCT_BUNDLE_IDENTIFIER = "WHC.WHC-ScanUnusedClass";
				PRODUCT_NAME = "$(TARGET_NAME)";
				SWIFT_VERSION = 5.0;
			};
			name = Release;
		};
/* End XCBuildConfiguration section */

/* Begin XCConfigurationList section */
		FE13BC581E2628A900F9C90B /* Build configuration list for PBXProject "WHC_ScanUnusedClass" */ = {
			isa = XCConfigurationList;
			buildConfigurations = (
				FE13BC6A1E2628A900F9C90B /* Debug */,
				FE13BC6B1E2628A900F9C90B /* Release */,
			);
			defaultConfigurationIsVisible = 0;
			defaultConfigurationName = Release;
		};
		FE13BC6C1E2628A900F9C90B /* Build configuration list for PBXNativeTarget "WHC_ScanUnusedClass" */ = {
			isa = XCConfigurationList;
			buildConfigurations = (
				FE13BC6D1E2628A900F9C90B /* Debug */,
				FE13BC6E1E2628A900F9C90B /* Release */,
			);
			defaultConfigurationIsVisible = 0;
			defaultConfigurationName = Release;
		};
/* End XCConfigurationList section */
	};
	rootObject = FE13BC551E2628A900F9C90B /* Project object */;
}
